// !$*UTF8*$!
{
	archiveVersion = 1;
	classes = {
	};
	objectVersion = 46;
	objects = {

/* Begin PBXBuildFile section */
		45024C3A1310CEC100BB3E3D /* UIKit.framework in Frameworks */ = {isa = PBXBuildFile; fileRef = 45024C391310CEC100BB3E3D /* UIKit.framework */; };
		45024C3C1310CEC100BB3E3D /* Foundation.framework in Frameworks */ = {isa = PBXBuildFile; fileRef = 45024C3B1310CEC100BB3E3D /* Foundation.framework */; };
		45024C3E1310CEC100BB3E3D /* CoreGraphics.framework in Frameworks */ = {isa = PBXBuildFile; fileRef = 45024C3D1310CEC100BB3E3D /* CoreGraphics.framework */; };
		45024C731310CF1700BB3E3D /* QuartzCore.framework in Frameworks */ = {isa = PBXBuildFile; fileRef = 45024C721310CF1700BB3E3D /* QuartzCore.framework */; };
		4527B3BC1398C5F400F3ECC8 /* MobileCoreServices.framework in Frameworks */ = {isa = PBXBuildFile; fileRef = 4527B3BB1398C5F400F3ECC8 /* MobileCoreServices.framework */; };
		4539023117809F2200C3CC47 /* Default-568h@2x.png in Resources */ = {isa = PBXBuildFile; fileRef = 4539023017809F2200C3CC47 /* Default-568h@2x.png */; };
		453902361780A1C800C3CC47 /* CPDFObjectReference.m in Sources */ = {isa = PBXBuildFile; fileRef = 453902351780A1C800C3CC47 /* CPDFObjectReference.m */; };
		453902381780A61300C3CC47 /* Storyboard.storyboard in Resources */ = {isa = PBXBuildFile; fileRef = 453902371780A61300C3CC47 /* Storyboard.storyboard */; };
		4539023B1780B39D00C3CC47 /* CPreviewCollectionViewCell.m in Sources */ = {isa = PBXBuildFile; fileRef = 4539023A1780B39D00C3CC47 /* CPreviewCollectionViewCell.m */; };
		45454DF11558429C004AC470 /* CContentScrollView.m in Sources */ = {isa = PBXBuildFile; fileRef = 45454DF01558429B004AC470 /* CContentScrollView.m */; };
		454BF5B41554B92600E7DE1D /* MediaPlayer.framework in Frameworks */ = {isa = PBXBuildFile; fileRef = 454BF5B31554B92600E7DE1D /* MediaPlayer.framework */; };
		455699A915507139009E52FE /* InfoPlist.strings in Resources */ = {isa = PBXBuildFile; fileRef = 4556998D15507139009E52FE /* InfoPlist.strings */; };
		455699B215507139009E52FE /* main.m in Sources */ = {isa = PBXBuildFile; fileRef = 4556999E15507139009E52FE /* main.m */; };
		455699B315507139009E52FE /* PDFReaderAppDelegate.m in Sources */ = {isa = PBXBuildFile; fileRef = 455699A115507139009E52FE /* PDFReaderAppDelegate.m */; };
		455699D415507141009E52FE /* CLibrary.m in Sources */ = {isa = PBXBuildFile; fileRef = 455699BA15507141009E52FE /* CLibrary.m */; };
		455699D515507141009E52FE /* CLibraryViewController.m in Sources */ = {isa = PBXBuildFile; fileRef = 455699BC15507141009E52FE /* CLibraryViewController.m */; };
		455699D715507141009E52FE /* CPDFDocument.m in Sources */ = {isa = PBXBuildFile; fileRef = 455699C015507141009E52FE /* CPDFDocument.m */; };
		455699D815507141009E52FE /* CPDFDocument_Private.m in Sources */ = {isa = PBXBuildFile; fileRef = 455699C215507141009E52FE /* CPDFDocument_Private.m */; };
		455699D915507141009E52FE /* CPDFPage.m in Sources */ = {isa = PBXBuildFile; fileRef = 455699C415507141009E52FE /* CPDFPage.m */; };
		455699DA15507141009E52FE /* CPDFDocumentViewController.m in Sources */ = {isa = PBXBuildFile; fileRef = 455699C715507141009E52FE /* CPDFDocumentViewController.m */; };
		455699DD15507141009E52FE /* CPDFPageView.m in Sources */ = {isa = PBXBuildFile; fileRef = 455699CC15507141009E52FE /* CPDFPageView.m */; };
		455699E515507148009E52FE /* Geometry.m in Sources */ = {isa = PBXBuildFile; fileRef = 455699E415507148009E52FE /* Geometry.m */; };
		455699F8155071A5009E52FE /* CPagingView.m in Sources */ = {isa = PBXBuildFile; fileRef = 455699EE155071A5009E52FE /* CPagingView.m */; };
		455699F9155071A5009E52FE /* CPersistentCache.m in Sources */ = {isa = PBXBuildFile; fileRef = 455699F0155071A5009E52FE /* CPersistentCache.m */; };
		455699FB155071A5009E52FE /* NSFileManager_BugFixExtensions.m in Sources */ = {isa = PBXBuildFile; fileRef = 455699F4155071A5009E52FE /* NSFileManager_BugFixExtensions.m */; };
		455699FD155071BB009E52FE /* Samples in Resources */ = {isa = PBXBuildFile; fileRef = 455699FC155071BB009E52FE /* Samples */; };
		45C25DD6155335AC001BA233 /* CPDFStream.m in Sources */ = {isa = PBXBuildFile; fileRef = 45C25DD5155335AC001BA233 /* CPDFStream.m */; };
		45C25DD9155335BD001BA233 /* PDFUtilities.m in Sources */ = {isa = PBXBuildFile; fileRef = 45C25DD8155335BD001BA233 /* PDFUtilities.m */; };
		45D9699B1552F8F600338688 /* CPDFAnnotation.m in Sources */ = {isa = PBXBuildFile; fileRef = 45D9699A1552F8F600338688 /* CPDFAnnotation.m */; };
		45D969A01553058E00338688 /* CPDFPageViewController.m in Sources */ = {isa = PBXBuildFile; fileRef = 45D9699E1553058E00338688 /* CPDFPageViewController.m */; };
		45D969CD1553177800338688 /* CPDFAnnotationView.m in Sources */ = {isa = PBXBuildFile; fileRef = 45D969CC1553177800338688 /* CPDFAnnotationView.m */; };
		45F9FAFA1582D495004D267B /* CFadelessTiledLayer.m in Sources */ = {isa = PBXBuildFile; fileRef = 45F9FAF91582D495004D267B /* CFadelessTiledLayer.m */; };
		C57985D51C9187E300D104C9 /* iOSPDFReader.h in Headers */ = {isa = PBXBuildFile; fileRef = C57985D41C9187E300D104C9 /* iOSPDFReader.h */; settings = {ATTRIBUTES = (Public, ); }; };
		C57985DA1C91894D00D104C9 /* CLibrary.m in Sources */ = {isa = PBXBuildFile; fileRef = 455699BA15507141009E52FE /* CLibrary.m */; };
		C57985DB1C91894D00D104C9 /* CLibraryViewController.m in Sources */ = {isa = PBXBuildFile; fileRef = 455699BC15507141009E52FE /* CLibraryViewController.m */; };
		C57985DC1C91894D00D104C9 /* CPDFDocument.m in Sources */ = {isa = PBXBuildFile; fileRef = 455699C015507141009E52FE /* CPDFDocument.m */; };
		C57985DD1C91894D00D104C9 /* CPDFDocument_Private.m in Sources */ = {isa = PBXBuildFile; fileRef = 455699C215507141009E52FE /* CPDFDocument_Private.m */; };
		C57985DE1C91894D00D104C9 /* CPDFPage.m in Sources */ = {isa = PBXBuildFile; fileRef = 455699C415507141009E52FE /* CPDFPage.m */; };
		C57985DF1C91894D00D104C9 /* CPDFAnnotation.m in Sources */ = {isa = PBXBuildFile; fileRef = 45D9699A1552F8F600338688 /* CPDFAnnotation.m */; };
		C57985E01C91894D00D104C9 /* CPDFStream.m in Sources */ = {isa = PBXBuildFile; fileRef = 45C25DD5155335AC001BA233 /* CPDFStream.m */; };
		C57985E11C91894D00D104C9 /* PDFUtilities.m in Sources */ = {isa = PBXBuildFile; fileRef = 45C25DD8155335BD001BA233 /* PDFUtilities.m */; };
		C57985E21C91894D00D104C9 /* CPDFObjectReference.m in Sources */ = {isa = PBXBuildFile; fileRef = 453902351780A1C800C3CC47 /* CPDFObjectReference.m */; };
		C57985E31C91894D00D104C9 /* CPDFDocumentViewController.m in Sources */ = {isa = PBXBuildFile; fileRef = 455699C715507141009E52FE /* CPDFDocumentViewController.m */; };
		C57985E41C91894D00D104C9 /* CPreviewCollectionViewCell.m in Sources */ = {isa = PBXBuildFile; fileRef = 4539023A1780B39D00C3CC47 /* CPreviewCollectionViewCell.m */; };
		C57985E51C91894D00D104C9 /* CPDFPageViewController.m in Sources */ = {isa = PBXBuildFile; fileRef = 45D9699E1553058E00338688 /* CPDFPageViewController.m */; };
		C57985E61C91894D00D104C9 /* CPDFPageView.m in Sources */ = {isa = PBXBuildFile; fileRef = 455699CC15507141009E52FE /* CPDFPageView.m */; };
		C57985E71C91894D00D104C9 /* CPDFAnnotationView.m in Sources */ = {isa = PBXBuildFile; fileRef = 45D969CC1553177800338688 /* CPDFAnnotationView.m */; };
		C57985E81C91894D00D104C9 /* CPagingView.m in Sources */ = {isa = PBXBuildFile; fileRef = 455699EE155071A5009E52FE /* CPagingView.m */; };
		C57985E91C91894D00D104C9 /* CPersistentCache.m in Sources */ = {isa = PBXBuildFile; fileRef = 455699F0155071A5009E52FE /* CPersistentCache.m */; };
		C57985EA1C91894D00D104C9 /* NSFileManager_BugFixExtensions.m in Sources */ = {isa = PBXBuildFile; fileRef = 455699F4155071A5009E52FE /* NSFileManager_BugFixExtensions.m */; };
		C57985EB1C91894D00D104C9 /* CContentScrollView.m in Sources */ = {isa = PBXBuildFile; fileRef = 45454DF01558429B004AC470 /* CContentScrollView.m */; };
		C57985EC1C91894D00D104C9 /* CFadelessTiledLayer.m in Sources */ = {isa = PBXBuildFile; fileRef = 45F9FAF91582D495004D267B /* CFadelessTiledLayer.m */; };
		C57985ED1C91894D00D104C9 /* Geometry.m in Sources */ = {isa = PBXBuildFile; fileRef = 455699E415507148009E52FE /* Geometry.m */; };
/* End PBXBuildFile section */

/* Begin PBXFileReference section */
		45024C351310CEC100BB3E3D /* PDFReader.app */ = {isa = PBXFileReference; explicitFileType = wrapper.application; includeInIndex = 0; path = PDFReader.app; sourceTree = BUILT_PRODUCTS_DIR; };
		45024C391310CEC100BB3E3D /* UIKit.framework */ = {isa = PBXFileReference; lastKnownFileType = wrapper.framework; name = UIKit.framework; path = System/Library/Frameworks/UIKit.framework; sourceTree = SDKROOT; };
		45024C3B1310CEC100BB3E3D /* Foundation.framework */ = {isa = PBXFileReference; lastKnownFileType = wrapper.framework; name = Foundation.framework; path = System/Library/Frameworks/Foundation.framework; sourceTree = SDKROOT; };
		45024C3D1310CEC100BB3E3D /* CoreGraphics.framework */ = {isa = PBXFileReference; lastKnownFileType = wrapper.framework; name = CoreGraphics.framework; path = System/Library/Frameworks/CoreGraphics.framework; sourceTree = SDKROOT; };
		45024C721310CF1700BB3E3D /* QuartzCore.framework */ = {isa = PBXFileReference; lastKnownFileType = wrapper.framework; name = QuartzCore.framework; path = System/Library/Frameworks/QuartzCore.framework; sourceTree = SDKROOT; };
		4527B3BB1398C5F400F3ECC8 /* MobileCoreServices.framework */ = {isa = PBXFileReference; lastKnownFileType = wrapper.framework; name = MobileCoreServices.framework; path = System/Library/Frameworks/MobileCoreServices.framework; sourceTree = SDKROOT; };
		4539023017809F2200C3CC47 /* Default-568h@2x.png */ = {isa = PBXFileReference; lastKnownFileType = image.png; path = "Default-568h@2x.png"; sourceTree = "<group>"; };
		453902341780A1C800C3CC47 /* CPDFObjectReference.h */ = {isa = PBXFileReference; fileEncoding = 4; lastKnownFileType = sourcecode.c.h; path = CPDFObjectReference.h; sourceTree = "<group>"; };
		453902351780A1C800C3CC47 /* CPDFObjectReference.m */ = {isa = PBXFileReference; fileEncoding = 4; lastKnownFileType = sourcecode.c.objc; path = CPDFObjectReference.m; sourceTree = "<group>"; };
		453902371780A61300C3CC47 /* Storyboard.storyboard */ = {isa = PBXFileReference; fileEncoding = 4; lastKnownFileType = file.storyboard; path = Storyboard.storyboard; sourceTree = "<group>"; };
		453902391780B39D00C3CC47 /* CPreviewCollectionViewCell.h */ = {isa = PBXFileReference; fileEncoding = 4; lastKnownFileType = sourcecode.c.h; path = CPreviewCollectionViewCell.h; sourceTree = "<group>"; };
		4539023A1780B39D00C3CC47 /* CPreviewCollectionViewCell.m */ = {isa = PBXFileReference; fileEncoding = 4; lastKnownFileType = sourcecode.c.objc; path = CPreviewCollectionViewCell.m; sourceTree = "<group>"; };
		45454DEF1558429B004AC470 /* CContentScrollView.h */ = {isa = PBXFileReference; fileEncoding = 4; lastKnownFileType = sourcecode.c.h; path = CContentScrollView.h; sourceTree = "<group>"; };
		45454DF01558429B004AC470 /* CContentScrollView.m */ = {isa = PBXFileReference; fileEncoding = 4; lastKnownFileType = sourcecode.c.objc; path = CContentScrollView.m; sourceTree = "<group>"; };
		454BF5B31554B92600E7DE1D /* MediaPlayer.framework */ = {isa = PBXFileReference; lastKnownFileType = wrapper.framework; name = MediaPlayer.framework; path = System/Library/Frameworks/MediaPlayer.framework; sourceTree = SDKROOT; };
		4556998E15507139009E52FE /* en */ = {isa = PBXFileReference; lastKnownFileType = text.plist.strings; name = en; path = en.lproj/InfoPlist.strings; sourceTree = "<group>"; };
		4556999115507139009E52FE /* Info.plist */ = {isa = PBXFileReference; fileEncoding = 4; lastKnownFileType = text.plist.xml; path = Info.plist; sourceTree = "<group>"; };
		4556999E15507139009E52FE /* main.m */ = {isa = PBXFileReference; fileEncoding = 4; lastKnownFileType = sourcecode.c.objc; path = main.m; sourceTree = "<group>"; };
		455699A015507139009E52FE /* PDFReaderAppDelegate.h */ = {isa = PBXFileReference; fileEncoding = 4; lastKnownFileType = sourcecode.c.h; path = PDFReaderAppDelegate.h; sourceTree = "<group>"; };
		455699A115507139009E52FE /* PDFReaderAppDelegate.m */ = {isa = PBXFileReference; fileEncoding = 4; lastKnownFileType = sourcecode.c.objc; path = PDFReaderAppDelegate.m; sourceTree = "<group>"; };
		455699B915507141009E52FE /* CLibrary.h */ = {isa = PBXFileReference; fileEncoding = 4; lastKnownFileType = sourcecode.c.h; path = CLibrary.h; sourceTree = "<group>"; };
		455699BA15507141009E52FE /* CLibrary.m */ = {isa = PBXFileReference; fileEncoding = 4; lastKnownFileType = sourcecode.c.objc; path = CLibrary.m; sourceTree = "<group>"; };
		455699BB15507141009E52FE /* CLibraryViewController.h */ = {isa = PBXFileReference; fileEncoding = 4; lastKnownFileType = sourcecode.c.h; path = CLibraryViewController.h; sourceTree = "<group>"; };
		455699BC15507141009E52FE /* CLibraryViewController.m */ = {isa = PBXFileReference; fileEncoding = 4; lastKnownFileType = sourcecode.c.objc; path = CLibraryViewController.m; sourceTree = "<group>"; };
		455699BF15507141009E52FE /* CPDFDocument.h */ = {isa = PBXFileReference; fileEncoding = 4; lastKnownFileType = sourcecode.c.h; path = CPDFDocument.h; sourceTree = "<group>"; };
		455699C015507141009E52FE /* CPDFDocument.m */ = {isa = PBXFileReference; fileEncoding = 4; lastKnownFileType = sourcecode.c.objc; path = CPDFDocument.m; sourceTree = "<group>"; };
		455699C115507141009E52FE /* CPDFDocument_Private.h */ = {isa = PBXFileReference; fileEncoding = 4; lastKnownFileType = sourcecode.c.h; path = CPDFDocument_Private.h; sourceTree = "<group>"; };
		455699C215507141009E52FE /* CPDFDocument_Private.m */ = {isa = PBXFileReference; fileEncoding = 4; lastKnownFileType = sourcecode.c.objc; path = CPDFDocument_Private.m; sourceTree = "<group>"; };
		455699C315507141009E52FE /* CPDFPage.h */ = {isa = PBXFileReference; fileEncoding = 4; lastKnownFileType = sourcecode.c.h; path = CPDFPage.h; sourceTree = "<group>"; };
		455699C415507141009E52FE /* CPDFPage.m */ = {isa = PBXFileReference; fileEncoding = 4; lastKnownFileType = sourcecode.c.objc; path = CPDFPage.m; sourceTree = "<group>"; };
		455699C615507141009E52FE /* CPDFDocumentViewController.h */ = {isa = PBXFileReference; fileEncoding = 4; lastKnownFileType = sourcecode.c.h; path = CPDFDocumentViewController.h; sourceTree = "<group>"; };
		455699C715507141009E52FE /* CPDFDocumentViewController.m */ = {isa = PBXFileReference; fileEncoding = 4; lastKnownFileType = sourcecode.c.objc; path = CPDFDocumentViewController.m; sourceTree = "<group>"; };
		455699CB15507141009E52FE /* CPDFPageView.h */ = {isa = PBXFileReference; fileEncoding = 4; lastKnownFileType = sourcecode.c.h; path = CPDFPageView.h; sourceTree = "<group>"; };
		455699CC15507141009E52FE /* CPDFPageView.m */ = {isa = PBXFileReference; fileEncoding = 4; lastKnownFileType = sourcecode.c.objc; path = CPDFPageView.m; sourceTree = "<group>"; };
		455699E315507148009E52FE /* Geometry.h */ = {isa = PBXFileReference; fileEncoding = 4; lastKnownFileType = sourcecode.c.h; path = Geometry.h; sourceTree = "<group>"; };
		455699E415507148009E52FE /* Geometry.m */ = {isa = PBXFileReference; fileEncoding = 4; lastKnownFileType = sourcecode.c.objc; path = Geometry.m; sourceTree = "<group>"; };
		455699ED155071A5009E52FE /* CPagingView.h */ = {isa = PBXFileReference; fileEncoding = 4; lastKnownFileType = sourcecode.c.h; path = CPagingView.h; sourceTree = "<group>"; };
		455699EE155071A5009E52FE /* CPagingView.m */ = {isa = PBXFileReference; fileEncoding = 4; lastKnownFileType = sourcecode.c.objc; path = CPagingView.m; sourceTree = "<group>"; };
		455699EF155071A5009E52FE /* CPersistentCache.h */ = {isa = PBXFileReference; fileEncoding = 4; lastKnownFileType = sourcecode.c.h; path = CPersistentCache.h; sourceTree = "<group>"; };
		455699F0155071A5009E52FE /* CPersistentCache.m */ = {isa = PBXFileReference; fileEncoding = 4; lastKnownFileType = sourcecode.c.objc; path = CPersistentCache.m; sourceTree = "<group>"; };
		455699F3155071A5009E52FE /* NSFileManager_BugFixExtensions.h */ = {isa = PBXFileReference; fileEncoding = 4; lastKnownFileType = sourcecode.c.h; path = NSFileManager_BugFixExtensions.h; sourceTree = "<group>"; };
		455699F4155071A5009E52FE /* NSFileManager_BugFixExtensions.m */ = {isa = PBXFileReference; fileEncoding = 4; lastKnownFileType = sourcecode.c.objc; path = NSFileManager_BugFixExtensions.m; sourceTree = "<group>"; };
		455699FC155071BB009E52FE /* Samples */ = {isa = PBXFileReference; lastKnownFileType = folder; path = Samples; sourceTree = "<group>"; };
		45C25DD4155335AC001BA233 /* CPDFStream.h */ = {isa = PBXFileReference; fileEncoding = 4; lastKnownFileType = sourcecode.c.h; path = CPDFStream.h; sourceTree = "<group>"; };
		45C25DD5155335AC001BA233 /* CPDFStream.m */ = {isa = PBXFileReference; fileEncoding = 4; lastKnownFileType = sourcecode.c.objc; path = CPDFStream.m; sourceTree = "<group>"; };
		45C25DD7155335BD001BA233 /* PDFUtilities.h */ = {isa = PBXFileReference; fileEncoding = 4; lastKnownFileType = sourcecode.c.h; path = PDFUtilities.h; sourceTree = "<group>"; };
		45C25DD8155335BD001BA233 /* PDFUtilities.m */ = {isa = PBXFileReference; fileEncoding = 4; lastKnownFileType = sourcecode.c.objc; path = PDFUtilities.m; sourceTree = "<group>"; };
		45D969991552F8F600338688 /* CPDFAnnotation.h */ = {isa = PBXFileReference; fileEncoding = 4; lastKnownFileType = sourcecode.c.h; path = CPDFAnnotation.h; sourceTree = "<group>"; };
		45D9699A1552F8F600338688 /* CPDFAnnotation.m */ = {isa = PBXFileReference; fileEncoding = 4; lastKnownFileType = sourcecode.c.objc; path = CPDFAnnotation.m; sourceTree = "<group>"; };
		45D9699D1553058E00338688 /* CPDFPageViewController.h */ = {isa = PBXFileReference; fileEncoding = 4; lastKnownFileType = sourcecode.c.h; path = CPDFPageViewController.h; sourceTree = "<group>"; };
		45D9699E1553058E00338688 /* CPDFPageViewController.m */ = {isa = PBXFileReference; fileEncoding = 4; lastKnownFileType = sourcecode.c.objc; path = CPDFPageViewController.m; sourceTree = "<group>"; };
		45D969CB1553177800338688 /* CPDFAnnotationView.h */ = {isa = PBXFileReference; fileEncoding = 4; lastKnownFileType = sourcecode.c.h; path = CPDFAnnotationView.h; sourceTree = "<group>"; };
		45D969CC1553177800338688 /* CPDFAnnotationView.m */ = {isa = PBXFileReference; fileEncoding = 4; lastKnownFileType = sourcecode.c.objc; path = CPDFAnnotationView.m; sourceTree = "<group>"; };
		45F9FAF81582D495004D267B /* CFadelessTiledLayer.h */ = {isa = PBXFileReference; fileEncoding = 4; lastKnownFileType = sourcecode.c.h; path = CFadelessTiledLayer.h; sourceTree = "<group>"; };
		45F9FAF91582D495004D267B /* CFadelessTiledLayer.m */ = {isa = PBXFileReference; fileEncoding = 4; lastKnownFileType = sourcecode.c.objc; path = CFadelessTiledLayer.m; sourceTree = "<group>"; };
		C57985D21C9187E300D104C9 /* iOSPDFReader.framework */ = {isa = PBXFileReference; explicitFileType = wrapper.framework; includeInIndex = 0; path = iOSPDFReader.framework; sourceTree = BUILT_PRODUCTS_DIR; };
		C57985D41C9187E300D104C9 /* iOSPDFReader.h */ = {isa = PBXFileReference; lastKnownFileType = sourcecode.c.h; path = iOSPDFReader.h; sourceTree = "<group>"; };
		C57985D61C9187E300D104C9 /* Info.plist */ = {isa = PBXFileReference; lastKnownFileType = text.plist.xml; path = Info.plist; sourceTree = "<group>"; };
/* End PBXFileReference section */

/* Begin PBXFrameworksBuildPhase section */
		45024C321310CEC100BB3E3D /* Frameworks */ = {
			isa = PBXFrameworksBuildPhase;
			buildActionMask = 2147483647;
			files = (
				454BF5B41554B92600E7DE1D /* MediaPlayer.framework in Frameworks */,
				4527B3BC1398C5F400F3ECC8 /* MobileCoreServices.framework in Frameworks */,
				45024C731310CF1700BB3E3D /* QuartzCore.framework in Frameworks */,
				45024C3A1310CEC100BB3E3D /* UIKit.framework in Frameworks */,
				45024C3C1310CEC100BB3E3D /* Foundation.framework in Frameworks */,
				45024C3E1310CEC100BB3E3D /* CoreGraphics.framework in Frameworks */,
			);
			runOnlyForDeploymentPostprocessing = 0;
		};
		C57985CE1C9187E300D104C9 /* Frameworks */ = {
			isa = PBXFrameworksBuildPhase;
			buildActionMask = 2147483647;
			files = (
			);
			runOnlyForDeploymentPostprocessing = 0;
		};
/* End PBXFrameworksBuildPhase section */

/* Begin PBXGroup section */
		45024C2A1310CEC100BB3E3D = {
			isa = PBXGroup;
			children = (
				4539023017809F2200C3CC47 /* Default-568h@2x.png */,
				4556998815507139009E52FE /* PDFReader */,
				455699B715507141009E52FE /* Source */,
				455699E115507148009E52FE /* Externals */,
				C57985D31C9187E300D104C9 /* iOSPDFReader */,
				45024C381310CEC100BB3E3D /* Frameworks */,
				45024C361310CEC100BB3E3D /* Products */,
			);
			sourceTree = "<group>";
		};
		45024C361310CEC100BB3E3D /* Products */ = {
			isa = PBXGroup;
			children = (
				45024C351310CEC100BB3E3D /* PDFReader.app */,
				C57985D21C9187E300D104C9 /* iOSPDFReader.framework */,
			);
			name = Products;
			sourceTree = "<group>";
		};
		45024C381310CEC100BB3E3D /* Frameworks */ = {
			isa = PBXGroup;
			children = (
				454BF5B31554B92600E7DE1D /* MediaPlayer.framework */,
				4527B3BB1398C5F400F3ECC8 /* MobileCoreServices.framework */,
				45024C721310CF1700BB3E3D /* QuartzCore.framework */,
				45024C391310CEC100BB3E3D /* UIKit.framework */,
				45024C3B1310CEC100BB3E3D /* Foundation.framework */,
				45024C3D1310CEC100BB3E3D /* CoreGraphics.framework */,
			);
			name = Frameworks;
			sourceTree = "<group>";
		};
		4556998815507139009E52FE /* PDFReader */ = {
			isa = PBXGroup;
			children = (
				455699FC155071BB009E52FE /* Samples */,
				4556998C15507139009E52FE /* Resources */,
				4556999515507139009E52FE /* Source */,
			);
			name = PDFReader;
			sourceTree = "<group>";
		};
		4556998C15507139009E52FE /* Resources */ = {
			isa = PBXGroup;
			children = (
				4556998D15507139009E52FE /* InfoPlist.strings */,
				4556999115507139009E52FE /* Info.plist */,
				453902371780A61300C3CC47 /* Storyboard.storyboard */,
			);
			path = Resources;
			sourceTree = "<group>";
		};
		4556999515507139009E52FE /* Source */ = {
			isa = PBXGroup;
			children = (
				4556999E15507139009E52FE /* main.m */,
				455699A015507139009E52FE /* PDFReaderAppDelegate.h */,
				455699A115507139009E52FE /* PDFReaderAppDelegate.m */,
			);
			path = Source;
			sourceTree = "<group>";
		};
		455699B715507141009E52FE /* Source */ = {
			isa = PBXGroup;
			children = (
				455699B815507141009E52FE /* Library */,
				455699BE15507141009E52FE /* PDF Model */,
				455699C515507141009E52FE /* PDF UI */,
				455699E6155071A5009E52FE /* Support */,
			);
			name = Source;
			path = ../Source;
			sourceTree = "<group>";
		};
		455699B815507141009E52FE /* Library */ = {
			isa = PBXGroup;
			children = (
				455699B915507141009E52FE /* CLibrary.h */,
				455699BA15507141009E52FE /* CLibrary.m */,
				455699BB15507141009E52FE /* CLibraryViewController.h */,
				455699BC15507141009E52FE /* CLibraryViewController.m */,
			);
			path = Library;
			sourceTree = "<group>";
		};
		455699BE15507141009E52FE /* PDF Model */ = {
			isa = PBXGroup;
			children = (
				455699BF15507141009E52FE /* CPDFDocument.h */,
				455699C015507141009E52FE /* CPDFDocument.m */,
				455699C115507141009E52FE /* CPDFDocument_Private.h */,
				455699C215507141009E52FE /* CPDFDocument_Private.m */,
				455699C315507141009E52FE /* CPDFPage.h */,
				455699C415507141009E52FE /* CPDFPage.m */,
				45D969991552F8F600338688 /* CPDFAnnotation.h */,
				45D9699A1552F8F600338688 /* CPDFAnnotation.m */,
				45C25DD4155335AC001BA233 /* CPDFStream.h */,
				45C25DD5155335AC001BA233 /* CPDFStream.m */,
				45C25DD7155335BD001BA233 /* PDFUtilities.h */,
				45C25DD8155335BD001BA233 /* PDFUtilities.m */,
				453902341780A1C800C3CC47 /* CPDFObjectReference.h */,
				453902351780A1C800C3CC47 /* CPDFObjectReference.m */,
			);
			path = "PDF Model";
			sourceTree = "<group>";
		};
		455699C515507141009E52FE /* PDF UI */ = {
			isa = PBXGroup;
			children = (
				455699C615507141009E52FE /* CPDFDocumentViewController.h */,
				455699C715507141009E52FE /* CPDFDocumentViewController.m */,
				453902391780B39D00C3CC47 /* CPreviewCollectionViewCell.h */,
				4539023A1780B39D00C3CC47 /* CPreviewCollectionViewCell.m */,
				45D9699D1553058E00338688 /* CPDFPageViewController.h */,
				45D9699E1553058E00338688 /* CPDFPageViewController.m */,
				455699CB15507141009E52FE /* CPDFPageView.h */,
				455699CC15507141009E52FE /* CPDFPageView.m */,
				45D969CB1553177800338688 /* CPDFAnnotationView.h */,
				45D969CC1553177800338688 /* CPDFAnnotationView.m */,
			);
			path = "PDF UI";
			sourceTree = "<group>";
		};
		455699E115507148009E52FE /* Externals */ = {
			isa = PBXGroup;
			children = (
				455699E215507148009E52FE /* TouchUI */,
			);
			name = Externals;
			path = ../Externals;
			sourceTree = "<group>";
		};
		455699E215507148009E52FE /* TouchUI */ = {
			isa = PBXGroup;
			children = (
				455699E315507148009E52FE /* Geometry.h */,
				455699E415507148009E52FE /* Geometry.m */,
			);
			path = TouchUI;
			sourceTree = "<group>";
		};
		455699E6155071A5009E52FE /* Support */ = {
			isa = PBXGroup;
			children = (
				455699ED155071A5009E52FE /* CPagingView.h */,
				455699EE155071A5009E52FE /* CPagingView.m */,
				455699EF155071A5009E52FE /* CPersistentCache.h */,
				455699F0155071A5009E52FE /* CPersistentCache.m */,
				455699F3155071A5009E52FE /* NSFileManager_BugFixExtensions.h */,
				455699F4155071A5009E52FE /* NSFileManager_BugFixExtensions.m */,
				45454DEF1558429B004AC470 /* CContentScrollView.h */,
				45454DF01558429B004AC470 /* CContentScrollView.m */,
				45F9FAF81582D495004D267B /* CFadelessTiledLayer.h */,
				45F9FAF91582D495004D267B /* CFadelessTiledLayer.m */,
			);
			path = Support;
			sourceTree = "<group>";
		};
		C57985D31C9187E300D104C9 /* iOSPDFReader */ = {
			isa = PBXGroup;
			children = (
				C57985D41C9187E300D104C9 /* iOSPDFReader.h */,
				C57985D61C9187E300D104C9 /* Info.plist */,
			);
			path = iOSPDFReader;
			sourceTree = "<group>";
		};
/* End PBXGroup section */

/* Begin PBXHeadersBuildPhase section */
		C57985CF1C9187E300D104C9 /* Headers */ = {
			isa = PBXHeadersBuildPhase;
			buildActionMask = 2147483647;
			files = (
				C57985D51C9187E300D104C9 /* iOSPDFReader.h in Headers */,
			);
			runOnlyForDeploymentPostprocessing = 0;
		};
/* End PBXHeadersBuildPhase section */

/* Begin PBXNativeTarget section */
		45024C341310CEC100BB3E3D /* PDFReader */ = {
			isa = PBXNativeTarget;
			buildConfigurationList = 45024C6C1310CEC100BB3E3D /* Build configuration list for PBXNativeTarget "PDFReader" */;
			buildPhases = (
				45024C311310CEC100BB3E3D /* Sources */,
				45024C321310CEC100BB3E3D /* Frameworks */,
				45024C331310CEC100BB3E3D /* Resources */,
			);
			buildRules = (
			);
			dependencies = (
			);
			name = PDFReader;
			productName = PDFReader;
			productReference = 45024C351310CEC100BB3E3D /* PDFReader.app */;
			productType = "com.apple.product-type.application";
		};
		C57985D11C9187E300D104C9 /* iOSPDFReader */ = {
			isa = PBXNativeTarget;
			buildConfigurationList = C57985D91C9187E300D104C9 /* Build configuration list for PBXNativeTarget "iOSPDFReader" */;
			buildPhases = (
				C57985CD1C9187E300D104C9 /* Sources */,
				C57985CE1C9187E300D104C9 /* Frameworks */,
				C57985CF1C9187E300D104C9 /* Headers */,
				C57985D01C9187E300D104C9 /* Resources */,
			);
			buildRules = (
			);
			dependencies = (
			);
			name = iOSPDFReader;
			productName = iOSPDFReader;
			productReference = C57985D21C9187E300D104C9 /* iOSPDFReader.framework */;
			productType = "com.apple.product-type.framework";
		};
/* End PBXNativeTarget section */

/* Begin PBXProject section */
		45024C2C1310CEC100BB3E3D /* Project object */ = {
			isa = PBXProject;
			attributes = {
				LastUpgradeCheck = 0500;
				ORGANIZATIONNAME = toxicsoftware.com;
				TargetAttributes = {
					C57985D11C9187E300D104C9 = {
						CreatedOnToolsVersion = 7.2;
					};
				};
			};
			buildConfigurationList = 45024C2F1310CEC100BB3E3D /* Build configuration list for PBXProject "PDFReader" */;
			compatibilityVersion = "Xcode 3.2";
			developmentRegion = English;
			hasScannedForEncodings = 0;
			knownRegions = (
				en,
			);
			mainGroup = 45024C2A1310CEC100BB3E3D;
			productRefGroup = 45024C361310CEC100BB3E3D /* Products */;
			projectDirPath = "";
			projectRoot = "";
			targets = (
				45024C341310CEC100BB3E3D /* PDFReader */,
				C57985D11C9187E300D104C9 /* iOSPDFReader */,
			);
		};
/* End PBXProject section */

/* Begin PBXResourcesBuildPhase section */
		45024C331310CEC100BB3E3D /* Resources */ = {
			isa = PBXResourcesBuildPhase;
			buildActionMask = 2147483647;
			files = (
				455699A915507139009E52FE /* InfoPlist.strings in Resources */,
				4539023117809F2200C3CC47 /* Default-568h@2x.png in Resources */,
				455699FD155071BB009E52FE /* Samples in Resources */,
				453902381780A61300C3CC47 /* Storyboard.storyboard in Resources */,
			);
			runOnlyForDeploymentPostprocessing = 0;
		};
		C57985D01C9187E300D104C9 /* Resources */ = {
			isa = PBXResourcesBuildPhase;
			buildActionMask = 2147483647;
			files = (
			);
			runOnlyForDeploymentPostprocessing = 0;
		};
/* End PBXResourcesBuildPhase section */

/* Begin PBXSourcesBuildPhase section */
		45024C311310CEC100BB3E3D /* Sources */ = {
			isa = PBXSourcesBuildPhase;
			buildActionMask = 2147483647;
			files = (
				455699B215507139009E52FE /* main.m in Sources */,
				455699B315507139009E52FE /* PDFReaderAppDelegate.m in Sources */,
				455699D415507141009E52FE /* CLibrary.m in Sources */,
				455699D515507141009E52FE /* CLibraryViewController.m in Sources */,
				4539023B1780B39D00C3CC47 /* CPreviewCollectionViewCell.m in Sources */,
				455699D715507141009E52FE /* CPDFDocument.m in Sources */,
				455699D815507141009E52FE /* CPDFDocument_Private.m in Sources */,
				455699D915507141009E52FE /* CPDFPage.m in Sources */,
				453902361780A1C800C3CC47 /* CPDFObjectReference.m in Sources */,
				455699DA15507141009E52FE /* CPDFDocumentViewController.m in Sources */,
				455699DD15507141009E52FE /* CPDFPageView.m in Sources */,
				455699E515507148009E52FE /* Geometry.m in Sources */,
				455699F8155071A5009E52FE /* CPagingView.m in Sources */,
				455699F9155071A5009E52FE /* CPersistentCache.m in Sources */,
				455699FB155071A5009E52FE /* NSFileManager_BugFixExtensions.m in Sources */,
				45D9699B1552F8F600338688 /* CPDFAnnotation.m in Sources */,
				45D969A01553058E00338688 /* CPDFPageViewController.m in Sources */,
				45D969CD1553177800338688 /* CPDFAnnotationView.m in Sources */,
				45C25DD6155335AC001BA233 /* CPDFStream.m in Sources */,
				45C25DD9155335BD001BA233 /* PDFUtilities.m in Sources */,
				45454DF11558429C004AC470 /* CContentScrollView.m in Sources */,
				45F9FAFA1582D495004D267B /* CFadelessTiledLayer.m in Sources */,
			);
			runOnlyForDeploymentPostprocessing = 0;
		};
		C57985CD1C9187E300D104C9 /* Sources */ = {
			isa = PBXSourcesBuildPhase;
			buildActionMask = 2147483647;
			files = (
				C57985E51C91894D00D104C9 /* CPDFPageViewController.m in Sources */,
				C57985DB1C91894D00D104C9 /* CLibraryViewController.m in Sources */,
				C57985E71C91894D00D104C9 /* CPDFAnnotationView.m in Sources */,
				C57985E21C91894D00D104C9 /* CPDFObjectReference.m in Sources */,
				C57985EA1C91894D00D104C9 /* NSFileManager_BugFixExtensions.m in Sources */,
				C57985ED1C91894D00D104C9 /* Geometry.m in Sources */,
				C57985E31C91894D00D104C9 /* CPDFDocumentViewController.m in Sources */,
				C57985E91C91894D00D104C9 /* CPersistentCache.m in Sources */,
				C57985E81C91894D00D104C9 /* CPagingView.m in Sources */,
				C57985DF1C91894D00D104C9 /* CPDFAnnotation.m in Sources */,
				C57985E61C91894D00D104C9 /* CPDFPageView.m in Sources */,
				C57985DA1C91894D00D104C9 /* CLibrary.m in Sources */,
				C57985EC1C91894D00D104C9 /* CFadelessTiledLayer.m in Sources */,
				C57985EB1C91894D00D104C9 /* CContentScrollView.m in Sources */,
				C57985DC1C91894D00D104C9 /* CPDFDocument.m in Sources */,
				C57985DE1C91894D00D104C9 /* CPDFPage.m in Sources */,
				C57985DD1C91894D00D104C9 /* CPDFDocument_Private.m in Sources */,
				C57985E41C91894D00D104C9 /* CPreviewCollectionViewCell.m in Sources */,
				C57985E01C91894D00D104C9 /* CPDFStream.m in Sources */,
				C57985E11C91894D00D104C9 /* PDFUtilities.m in Sources */,
			);
			runOnlyForDeploymentPostprocessing = 0;
		};
/* End PBXSourcesBuildPhase section */

/* Begin PBXVariantGroup section */
		4556998D15507139009E52FE /* InfoPlist.strings */ = {
			isa = PBXVariantGroup;
			children = (
				4556998E15507139009E52FE /* en */,
			);
			name = InfoPlist.strings;
			sourceTree = "<group>";
		};
/* End PBXVariantGroup section */

/* Begin XCBuildConfiguration section */
		45024C6A1310CEC100BB3E3D /* Debug */ = {
			isa = XCBuildConfiguration;
			buildSettings = {
				"CODE_SIGN_IDENTITY[sdk=iphoneos*]" = "iPhone Developer";
				GCC_C_LANGUAGE_STANDARD = gnu99;
				GCC_OPTIMIZATION_LEVEL = 0;
				GCC_PREPROCESSOR_DEFINITIONS = DEBUG;
				GCC_TREAT_WARNINGS_AS_ERRORS = NO;
				GCC_VERSION = com.apple.compilers.llvmgcc42;
				GCC_WARN_ABOUT_RETURN_TYPE = YES;
				GCC_WARN_UNUSED_VARIABLE = YES;
				IPHONEOS_DEPLOYMENT_TARGET = 5.0;
				ONLY_ACTIVE_ARCH = YES;
				RUN_CLANG_STATIC_ANALYZER = YES;
				SDKROOT = iphoneos;
				TARGETED_DEVICE_FAMILY = 2;
			};
			name = Debug;
		};
		45024C6B1310CEC100BB3E3D /* Release */ = {
			isa = XCBuildConfiguration;
			buildSettings = {
				"CODE_SIGN_IDENTITY[sdk=iphoneos*]" = "iPhone Developer";
				GCC_C_LANGUAGE_STANDARD = gnu99;
				GCC_TREAT_WARNINGS_AS_ERRORS = NO;
				GCC_VERSION = com.apple.compilers.llvmgcc42;
				GCC_WARN_ABOUT_RETURN_TYPE = YES;
				GCC_WARN_UNUSED_VARIABLE = YES;
				IPHONEOS_DEPLOYMENT_TARGET = 5.0;
				OTHER_CFLAGS = "-DNS_BLOCK_ASSERTIONS=1";
				RUN_CLANG_STATIC_ANALYZER = YES;
				SDKROOT = iphoneos;
				TARGETED_DEVICE_FAMILY = 2;
			};
			name = Release;
		};
		45024C6D1310CEC100BB3E3D /* Debug */ = {
			isa = XCBuildConfiguration;
			buildSettings = {
				ALWAYS_SEARCH_USER_PATHS = NO;
				ASSETCATALOG_COMPILER_APPICON_NAME = AppIcon;
				CLANG_ENABLE_OBJC_ARC = YES;
				COPY_PHASE_STRIP = NO;
				GCC_DYNAMIC_NO_PIC = NO;
				GCC_PRECOMPILE_PREFIX_HEADER = YES;
				GCC_PREFIX_HEADER = Source/Prefix.pch;
				GCC_VERSION = com.apple.compilers.llvm.clang.1_0;
				INFOPLIST_FILE = "$(SRCROOT)/Resources/Info.plist";
				INSTALL_PATH = "$(LOCAL_APPS_DIR)";
				IPHONEOS_DEPLOYMENT_TARGET = 6.1;
				PRODUCT_NAME = "$(TARGET_NAME)";
				SDKROOT = iphoneos;
				TARGETED_DEVICE_FAMILY = "1,2";
				WRAPPER_EXTENSION = app;
			};
			name = Debug;
		};
		45024C6E1310CEC100BB3E3D /* Release */ = {
			isa = XCBuildConfiguration;
			buildSettings = {
				ALWAYS_SEARCH_USER_PATHS = NO;
				ASSETCATALOG_COMPILER_APPICON_NAME = AppIcon;
				CLANG_ENABLE_OBJC_ARC = YES;
				COPY_PHASE_STRIP = YES;
				GCC_PRECOMPILE_PREFIX_HEADER = YES;
				GCC_PREFIX_HEADER = Source/Prefix.pch;
				GCC_VERSION = com.apple.compilers.llvm.clang.1_0;
				INFOPLIST_FILE = "$(SRCROOT)/Resources/Info.plist";
				INSTALL_PATH = "$(LOCAL_APPS_DIR)";
				IPHONEOS_DEPLOYMENT_TARGET = 6.1;
				PRODUCT_NAME = "$(TARGET_NAME)";
				SDKROOT = iphoneos;
				TARGETED_DEVICE_FAMILY = "1,2";
				VALIDATE_PRODUCT = YES;
				WRAPPER_EXTENSION = app;
			};
			name = Release;
		};
		C57985D71C9187E300D104C9 /* Debug */ = {
			isa = XCBuildConfiguration;
			buildSettings = {
				ALWAYS_SEARCH_USER_PATHS = NO;
				CLANG_CXX_LANGUAGE_STANDARD = "gnu++0x";
				CLANG_CXX_LIBRARY = "libc++";
				CLANG_ENABLE_MODULES = YES;
				CLANG_ENABLE_OBJC_ARC = YES;
				CLANG_WARN_BOOL_CONVERSION = YES;
				CLANG_WARN_CONSTANT_CONVERSION = YES;
				CLANG_WARN_DIRECT_OBJC_ISA_USAGE = YES_ERROR;
				CLANG_WARN_EMPTY_BODY = YES;
				CLANG_WARN_ENUM_CONVERSION = YES;
				CLANG_WARN_INT_CONVERSION = YES;
				CLANG_WARN_OBJC_ROOT_CLASS = YES_ERROR;
				CLANG_WARN_UNREACHABLE_CODE = YES;
				CLANG_WARN__DUPLICATE_METHOD_MATCH = YES;
				COPY_PHASE_STRIP = NO;
				CURRENT_PROJECT_VERSION = 1;
				DEBUG_INFORMATION_FORMAT = dwarf;
				DEFINES_MODULE = YES;
				DYLIB_COMPATIBILITY_VERSION = 1;
				DYLIB_CURRENT_VERSION = 1;
				DYLIB_INSTALL_NAME_BASE = "@rpath";
				ENABLE_STRICT_OBJC_MSGSEND = YES;
				ENABLE_TESTABILITY = YES;
				GCC_DYNAMIC_NO_PIC = NO;
				GCC_NO_COMMON_BLOCKS = YES;
				GCC_PREFIX_HEADER = iOSPDFReader/iOSPDFReader.pch;
				GCC_PREPROCESSOR_DEFINITIONS = (
					"DEBUG=1",
					"$(inherited)",
				);
				GCC_VERSION = "";
				GCC_WARN_64_TO_32_BIT_CONVERSION = YES;
				GCC_WARN_ABOUT_RETURN_TYPE = YES_ERROR;
				GCC_WARN_UNDECLARED_SELECTOR = YES;
				GCC_WARN_UNINITIALIZED_AUTOS = YES_AGGRESSIVE;
				GCC_WARN_UNUSED_FUNCTION = YES;
				INFOPLIST_FILE = iOSPDFReader/Info.plist;
				INSTALL_PATH = "$(LOCAL_LIBRARY_DIR)/Frameworks";
				IPHONEOS_DEPLOYMENT_TARGET = 9.2;
				LD_RUNPATH_SEARCH_PATHS = "$(inherited) @executable_path/Frameworks @loader_path/Frameworks";
				MTL_ENABLE_DEBUG_INFO = YES;
				PRODUCT_BUNDLE_IDENTIFIER = de.dirkkoller.iOSPDFReader;
				PRODUCT_NAME = "$(TARGET_NAME)";
				SKIP_INSTALL = YES;
				TARGETED_DEVICE_FAMILY = "1,2";
				VERSIONING_SYSTEM = "apple-generic";
				VERSION_INFO_PREFIX = "";
			};
			name = Debug;
		};
		C57985D81C9187E300D104C9 /* Release */ = {
			isa = XCBuildConfiguration;
			buildSettings = {
				ALWAYS_SEARCH_USER_PATHS = NO;
				CLANG_CXX_LANGUAGE_STANDARD = "gnu++0x";
				CLANG_CXX_LIBRARY = "libc++";
				CLANG_ENABLE_MODULES = YES;
				CLANG_ENABLE_OBJC_ARC = YES;
				CLANG_WARN_BOOL_CONVERSION = YES;
				CLANG_WARN_CONSTANT_CONVERSION = YES;
				CLANG_WARN_DIRECT_OBJC_ISA_USAGE = YES_ERROR;
				CLANG_WARN_EMPTY_BODY = YES;
				CLANG_WARN_ENUM_CONVERSION = YES;
				CLANG_WARN_INT_CONVERSION = YES;
				CLANG_WARN_OBJC_ROOT_CLASS = YES_ERROR;
				CLANG_WARN_UNREACHABLE_CODE = YES;
				CLANG_WARN__DUPLICATE_METHOD_MATCH = YES;
				COPY_PHASE_STRIP = NO;
				CURRENT_PROJECT_VERSION = 1;
				DEBUG_INFORMATION_FORMAT = "dwarf-with-dsym";
				DEFINES_MODULE = YES;
				DYLIB_COMPATIBILITY_VERSION = 1;
				DYLIB_CURRENT_VERSION = 1;
				DYLIB_INSTALL_NAME_BASE = "@rpath";
				ENABLE_NS_ASSERTIONS = NO;
				ENABLE_STRICT_OBJC_MSGSEND = YES;
				GCC_NO_COMMON_BLOCKS = YES;
				GCC_PREFIX_HEADER = iOSPDFReader/iOSPDFReader.pch;
				GCC_VERSION = "";
				GCC_WARN_64_TO_32_BIT_CONVERSION = YES;
				GCC_WARN_ABOUT_RETURN_TYPE = YES_ERROR;
				GCC_WARN_UNDECLARED_SELECTOR = YES;
				GCC_WARN_UNINITIALIZED_AUTOS = YES_AGGRESSIVE;
				GCC_WARN_UNUSED_FUNCTION = YES;
				INFOPLIST_FILE = iOSPDFReader/Info.plist;
				INSTALL_PATH = "$(LOCAL_LIBRARY_DIR)/Frameworks";
				IPHONEOS_DEPLOYMENT_TARGET = 9.2;
				LD_RUNPATH_SEARCH_PATHS = "$(inherited) @executable_path/Frameworks @loader_path/Frameworks";
				MTL_ENABLE_DEBUG_INFO = NO;
				PRODUCT_BUNDLE_IDENTIFIER = de.dirkkoller.iOSPDFReader;
				PRODUCT_NAME = "$(TARGET_NAME)";
				SKIP_INSTALL = YES;
				TARGETED_DEVICE_FAMILY = "1,2";
				VALIDATE_PRODUCT = YES;
				VERSIONING_SYSTEM = "apple-generic";
				VERSION_INFO_PREFIX = "";
			};
			name = Release;
		};
/* End XCBuildConfiguration section */

/* Begin XCConfigurationList section */
		45024C2F1310CEC100BB3E3D /* Build configuration list for PBXProject "PDFReader" */ = {
			isa = XCConfigurationList;
			buildConfigurations = (
				45024C6A1310CEC100BB3E3D /* Debug */,
				45024C6B1310CEC100BB3E3D /* Release */,
			);
			defaultConfigurationIsVisible = 0;
			defaultConfigurationName = Release;
		};
		45024C6C1310CEC100BB3E3D /* Build configuration list for PBXNativeTarget "PDFReader" */ = {
			isa = XCConfigurationList;
			buildConfigurations = (
				45024C6D1310CEC100BB3E3D /* Debug */,
				45024C6E1310CEC100BB3E3D /* Release */,
			);
			defaultConfigurationIsVisible = 0;
			defaultConfigurationName = Release;
		};
		C57985D91C9187E300D104C9 /* Build configuration list for PBXNativeTarget "iOSPDFReader" */ = {
			isa = XCConfigurationList;
			buildConfigurations = (
				C57985D71C9187E300D104C9 /* Debug */,
				C57985D81C9187E300D104C9 /* Release */,
			);
			defaultConfigurationIsVisible = 0;
		};
/* End XCConfigurationList section */
	};
	rootObject = 45024C2C1310CEC100BB3E3D /* Project object */;
}
